
Microsoft Visual Studio Solution File, Format Version 12.00
# Visual Studio Version 17
VisualStudioVersion = 17.3.32804.467
MinimumVisualStudioVersion = 10.0.40219.1
Project("{FAE04EC0-301F-11D3-BF4B-00C04F79EFBC}") = "RetailStoreAPI", "RetailStoreAPI\RetailStoreAPI.csproj", "{475B02A8-6151-40DD-9092-760A66678EAE}"
EndProject
Project("{FAE04EC0-301F-11D3-BF4B-00C04F79EFBC}") = "BLL", "BLL\BLL.csproj", "{947DA636-DD8A-4429-992B-75978F53F36B}"
EndProject
Project("{FAE04EC0-301F-11D3-BF4B-00C04F79EFBC}") = "DAL", "DAL\DAL.csproj", "{3E387346-F841-44B1-BC72-CF372E620962}"
EndProject
Project("{FAE04EC0-301F-11D3-BF4B-00C04F79EFBC}") = "Entities", "Entities\Entities.csproj", "{52F3D40A-9E04-4D96-9A77-605E3F1E8AA6}"
EndProject
Global
	GlobalSection(SolutionConfigurationPlatforms) = preSolution
		Debug|Any CPU = Debug|Any CPU
		Release|Any CPU = Release|Any CPU
	EndGlobalSection
	GlobalSection(ProjectConfigurationPlatforms) = postSolution
		{475B02A8-6151-40DD-9092-760A66678EAE}.Debug|Any CPU.ActiveCfg = Debug|Any CPU
		{475B02A8-6151-40DD-9092-760A66678EAE}.Debug|Any CPU.Build.0 = Debug|Any CPU
		{475B02A8-6151-40DD-9092-760A66678EAE}.Release|Any CPU.ActiveCfg = Release|Any CPU
		{475B02A8-6151-40DD-9092-760A66678EAE}.Release|Any CPU.Build.0 = Release|Any CPU
		{947DA636-DD8A-4429-992B-75978F53F36B}.Debug|Any CPU.ActiveCfg = Debug|Any CPU
		{947DA636-DD8A-4429-992B-75978F53F36B}.Debug|Any CPU.Build.0 = Debug|Any CPU
		{947DA636-DD8A-4429-992B-75978F53F36B}.Release|Any CPU.ActiveCfg = Release|Any CPU
		{947DA636-DD8A-4429-992B-75978F53F36B}.Release|Any CPU.Build.0 = Release|Any CPU
		{3E387346-F841-44B1-BC72-CF372E620962}.Debug|Any CPU.ActiveCfg = Debug|Any CPU
		{3E387346-F841-44B1-BC72-CF372E620962}.Debug|Any CPU.Build.0 = Debug|Any CPU
		{3E387346-F841-44B1-BC72-CF372E620962}.Release|Any CPU.ActiveCfg = Release|Any CPU
		{3E387346-F841-44B1-BC72-CF372E620962}.Release|Any CPU.Build.0 = Release|Any CPU
		{52F3D40A-9E04-4D96-9A77-605E3F1E8AA6}.Debug|Any CPU.ActiveCfg = Debug|Any CPU
		{52F3D40A-9E04-4D96-9A77-605E3F1E8AA6}.Debug|Any CPU.Build.0 = Debug|Any CPU
		{52F3D40A-9E04-4D96-9A77-605E3F1E8AA6}.Release|Any CPU.ActiveCfg = Release|Any CPU
		{52F3D40A-9E04-4D96-9A77-605E3F1E8AA6}.Release|Any CPU.Build.0 = Release|Any CPU
	EndGlobalSection
	GlobalSection(SolutionProperties) = preSolution
		HideSolutionNode = FALSE
	EndGlobalSection
	GlobalSection(ExtensibilityGlobals) = postSolution
		SolutionGuid = {8C59E512-C7C0-4F82-98A0-98D49CC05609}
	EndGlobalSection
EndGlobal
